
Microsoft Visual Studio Solution File, Format Version 12.00
# Visual Studio Version 17
VisualStudioVersion = 17.5.33516.290
MinimumVisualStudioVersion = 10.0.40219.1
Project("{FAE04EC0-301F-11D3-BF4B-00C04F79EFBC}") = "Calculadora", "Calculadora\Calculadora.csproj", "{D1DB0391-1036-443D-8587-55BE7936147A}"
EndProject
Project("{FAE04EC0-301F-11D3-BF4B-00C04F79EFBC}") = "Calculadora.Test", "Calculadora.Test\Calculadora.Test.csproj", "{91CB38E0-1992-46A6-B304-6B1589FC43E8}"
EndProject
Global
	GlobalSection(SolutionConfigurationPlatforms) = preSolution
		Debug|Any CPU = Debug|Any CPU
		Release|Any CPU = Release|Any CPU
	EndGlobalSection
	GlobalSection(ProjectConfigurationPlatforms) = postSolution
		{D1DB0391-1036-443D-8587-55BE7936147A}.Debug|Any CPU.ActiveCfg = Debug|Any CPU
		{D1DB0391-1036-443D-8587-55BE7936147A}.Debug|Any CPU.Build.0 = Debug|Any CPU
		{D1DB0391-1036-443D-8587-55BE7936147A}.Release|Any CPU.ActiveCfg = Release|Any CPU
		{D1DB0391-1036-443D-8587-55BE7936147A}.Release|Any CPU.Build.0 = Release|Any CPU
		{91CB38E0-1992-46A6-B304-6B1589FC43E8}.Debug|Any CPU.ActiveCfg = Debug|Any CPU
		{91CB38E0-1992-46A6-B304-6B1589FC43E8}.Debug|Any CPU.Build.0 = Debug|Any CPU
		{91CB38E0-1992-46A6-B304-6B1589FC43E8}.Release|Any CPU.ActiveCfg = Release|Any CPU
		{91CB38E0-1992-46A6-B304-6B1589FC43E8}.Release|Any CPU.Build.0 = Release|Any CPU
	EndGlobalSection
	GlobalSection(SolutionProperties) = preSolution
		HideSolutionNode = FALSE
	EndGlobalSection
	GlobalSection(ExtensibilityGlobals) = postSolution
		SolutionGuid = {C447D6E7-0105-498F-85DA-746131CC4D4C}
	EndGlobalSection
EndGlobal
